{
  "name": "@tractorjuice/arckit-paperclip",
  "version": "4.9.2",
  "lockfileVersion": 3,
  "requires": true,
  "packages": {
    "": {
      "name": "@tractorjuice/arckit-paperclip",
      "version": "4.9.2",
      "license": "MIT",
      "dependencies": {
        "@paperclipai/plugin-sdk": "^2026.416.0"
      },
      "devDependencies": {
        "@types/node": "^24.6.0",
        "typescript": "^5.7.3"
      }
    },
    "node_modules/@paperclipai/plugin-sdk": {
      "version": "2026.416.0",
      "resolved": "https://registry.npmjs.org/@paperclipai/plugin-sdk/-/plugin-sdk-2026.416.0.tgz",
      "integrity": "sha512-P/KAqkDXeqA4OS8krqsbwiv2yvno5AgOhto/YAXn0yloQV2jprhsOZzXru64u4cGdohm/fRAky7iPPi7SspJ5A==",
      "license": "MIT",
      "dependencies": {
        "@paperclipai/shared": "2026.416.0",
        "zod": "^3.24.2"
      },
      "bin": {
        "paperclip-plugin-dev-server": "dist/dev-cli.js"
      },
      "peerDependencies": {
        "react": ">=18"
      },
      "peerDependenciesMeta": {
        "react": {
          "optional": true
        }
      }
    },
    "node_modules/@paperclipai/shared": {
      "version": "2026.416.0",
      "resolved": "https://registry.npmjs.org/@paperclipai/shared/-/shared-2026.416.0.tgz",
      "integrity": "sha512-ORG3f8X1Z4m/K4rbIlWP16UqPWlGSTiFtCAQajDddclY+b/Ubfn0M6Xh54+zkjy1TGVePnLGuif8EKDkX5Sb4g==",
      "license": "MIT",
      "dependencies": {
        "zod": "^3.24.2"
      }
    },
    "node_modules/@types/node": {
      "version": "24.12.2",
      "resolved": "https://registry.npmjs.org/@types/node/-/node-24.12.2.tgz",
      "integrity": "sha512-A1sre26ke7HDIuY/M23nd9gfB+nrmhtYyMINbjI1zHJxYteKR6qSMX56FsmjMcDb3SMcjJg5BiRRgOCC/yBD0g==",
      "dev": true,
      "license": "MIT",
      "dependencies": {
        "undici-types": "~7.16.0"
      }
    },
    "node_modules/typescript": {
      "version": "5.9.3",
      "resolved": "https://registry.npmjs.org/typescript/-/typescript-5.9.3.tgz",
      "integrity": "sha512-jl1vZzPDinLr9eUt3J/t7V6FgNEw9QjvBPdysz9KfQDD41fQrC2Y4vKQdiaUpFT4bXlb1RHhLpp8wtm6M5TgSw==",
      "dev": true,
      "license": "Apache-2.0",
      "bin": {
        "tsc": "bin/tsc",
        "tsserver": "bin/tsserver"
      },
      "engines": {
        "node": ">=14.17"
      }
    },
    "node_modules/undici-types": {
      "version": "7.16.0",
      "resolved": "https://registry.npmjs.org/undici-types/-/undici-types-7.16.0.tgz",
      "integrity": "sha512-Zz+aZWSj8LE6zoxD+xrjh4VfkIG8Ya6LvYkZqtUQGJPZjYl53ypCaUwWqo7eI0x66KBGeRo+mlBEkMSeSZ38Nw==",
      "dev": true,
      "license": "MIT"
    },
    "node_modules/zod": {
      "version": "3.25.76",
      "resolved": "https://registry.npmjs.org/zod/-/zod-3.25.76.tgz",
      "integrity": "sha512-gzUt/qt81nXsFGKIFcC3YnfEAx5NkunCfnDlvuBSSFS02bcXu4Lmea0AFIUwbLWxWPx3d9p8S5QoaujKcNQxcQ==",
      "license": "MIT",
      "funding": {
        "url": "https://github.com/sponsors/colinhacks"
      }
    }
  }
}
